
Microsoft Visual Studio Solution File, Format Version 12.00
# Visual Studio Version 16
VisualStudioVersion = 16.0.29519.87
MinimumVisualStudioVersion = 10.0.40219.1
Project("{FAE04EC0-301F-11D3-BF4B-00C04F79EFBC}") = "exercise_7", "exercise_7\exercise_7.csproj", "{07DBFA76-2A04-474D-BF42-3A0B9422E8EF}"
EndProject
Global
	GlobalSection(SolutionConfigurationPlatforms) = preSolution
		Debug|Any CPU = Debug|Any CPU
		Release|Any CPU = Release|Any CPU
	EndGlobalSection
	GlobalSection(ProjectConfigurationPlatforms) = postSolution
		{07DBFA76-2A04-474D-BF42-3A0B9422E8EF}.Debug|Any CPU.ActiveCfg = Debug|Any CPU
		{07DBFA76-2A04-474D-BF42-3A0B9422E8EF}.Debug|Any CPU.Build.0 = Debug|Any CPU
		{07DBFA76-2A04-474D-BF42-3A0B9422E8EF}.Release|Any CPU.ActiveCfg = Release|Any CPU
		{07DBFA76-2A04-474D-BF42-3A0B9422E8EF}.Release|Any CPU.Build.0 = Release|Any CPU
	EndGlobalSection
	GlobalSection(SolutionProperties) = preSolution
		HideSolutionNode = FALSE
	EndGlobalSection
	GlobalSection(ExtensibilityGlobals) = postSolution
		SolutionGuid = {CFAE124E-FCCA-4B52-A071-B96EC23A896E}
	EndGlobalSection
EndGlobal
